{
  "name": "namebase-stats",
  "version": "1.0.0",
  "lockfileVersion": 1,
  "requires": true,
  "dependencies": {
    "@awaitjs/express": {
      "version": "0.4.0",
      "resolved": "https://registry.npmjs.org/@awaitjs/express/-/express-0.4.0.tgz",
      "integrity": "sha512-GVx/4WFnslceOBoJ3dCD22ve4imn1+7nQLFAUkc+oPkHvjntGHx4822Lk8qM1phlP+flobFO/ToyrL2bV6cAvw=="
    },
    "@types/body-parser": {
      "version": "1.19.0",
      "resolved": "https://registry.npmjs.org/@types/body-parser/-/body-parser-1.19.0.tgz",
      "integrity": "sha512-W98JrE0j2K78swW4ukqMleo8R7h/pFETjM2DQ90MF6XK2i4LO4W3gQ71Lt4w3bfm2EvVSyWHplECvB5sK22yFQ==",
      "dev": true,
      "requires": {
        "@types/connect": "*",
        "@types/node": "*"
      }
    },
    "@types/color-name": {
      "version": "1.1.1",
      "resolved": "https://registry.npmjs.org/@types/color-name/-/color-name-1.1.1.tgz",
      "integrity": "sha512-rr+OQyAjxze7GgWrSaJwydHStIhHq2lvY3BOC2Mj7KnzI7XK0Uw1TOOdI9lDoajEbSWLiYgoo4f1R51erQfhPQ=="
    },
    "@types/connect": {
      "version": "3.4.33",
      "resolved": "https://registry.npmjs.org/@types/connect/-/connect-3.4.33.tgz",
      "integrity": "sha512-2+FrkXY4zllzTNfJth7jOqEHC+enpLeGslEhpnTAkg21GkRrWV4SsAtqchtT4YS9/nODBU2/ZfsBY2X4J/dX7A==",
      "dev": true,
      "requires": {
        "@types/node": "*"
      }
    },
    "@types/express": {
      "version": "4.17.3",
      "resolved": "https://registry.npmjs.org/@types/express/-/express-4.17.3.tgz",
      "integrity": "sha512-I8cGRJj3pyOLs/HndoP+25vOqhqWkAZsWMEmq1qXy/b/M3ppufecUwaK2/TVDVxcV61/iSdhykUjQQ2DLSrTdg==",
      "dev": true,
      "requires": {
        "@types/body-parser": "*",
        "@types/express-serve-static-core": "*",
        "@types/serve-static": "*"
      }
    },
    "@types/express-serve-static-core": {
      "version": "4.17.2",
      "resolved": "https://registry.npmjs.org/@types/express-serve-static-core/-/express-serve-static-core-4.17.2.tgz",
      "integrity": "sha512-El9yMpctM6tORDAiBwZVLMcxoTMcqqRO9dVyYcn7ycLWbvR8klrDn8CAOwRfZujZtWD7yS/mshTdz43jMOejbg==",
      "dev": true,
      "requires": {
        "@types/node": "*",
        "@types/range-parser": "*"
      }
    },
    "@types/mime": {
      "version": "2.0.1",
      "resolved": "https://registry.npmjs.org/@types/mime/-/mime-2.0.1.tgz",
      "integrity": "sha512-FwI9gX75FgVBJ7ywgnq/P7tw+/o1GUbtP0KzbtusLigAOgIgNISRK0ZPl4qertvXSIE8YbsVJueQ90cDt9YYyw==",
      "dev": true
    },
    "@types/node": {
      "version": "13.9.0",
      "resolved": "https://registry.npmjs.org/@types/node/-/node-13.9.0.tgz",
      "integrity": "sha512-0ARSQootUG1RljH2HncpsY2TJBfGQIKOOi7kxzUY6z54ePu/ZD+wJA8zI2Q6v8rol2qpG/rvqsReco8zNMPvhQ==",
      "dev": true
    },
    "@types/pg": {
      "version": "7.14.1",
      "resolved": "https://registry.npmjs.org/@types/pg/-/pg-7.14.1.tgz",
      "integrity": "sha512-gQgg4bLuykokypx4O1fwEzl5e6UjjyaBtN3znn5zhm0YB9BnKyHDw+e4cQY9rAPzpdM2qpJbn9TNzUazbmTsdw==",
      "dev": true,
      "requires": {
        "@types/node": "*",
        "@types/pg-types": "*"
      }
    },
    "@types/pg-types": {
      "version": "1.11.5",
      "resolved": "https://registry.npmjs.org/@types/pg-types/-/pg-types-1.11.5.tgz",
      "integrity": "sha512-L8ogeT6vDzT1vxlW3KITTCt+BVXXVkLXfZ/XNm6UqbcJgxf+KPO7yjWx7dQQE8RW07KopL10x2gNMs41+IkMGQ==",
      "dev": true
    },
    "@types/range-parser": {
      "version": "1.2.3",
      "resolved": "https://registry.npmjs.org/@types/range-parser/-/range-parser-1.2.3.tgz",
      "integrity": "sha512-ewFXqrQHlFsgc09MK5jP5iR7vumV/BYayNC6PgJO2LPe8vrnNFyjQjSppfEngITi0qvfKtzFvgKymGheFM9UOA==",
      "dev": true
    },
    "@types/serve-static": {
      "version": "1.13.3",
      "resolved": "https://registry.npmjs.org/@types/serve-static/-/serve-static-1.13.3.tgz",
      "integrity": "sha512-oprSwp094zOglVrXdlo/4bAHtKTAxX6VT8FOZlBKrmyLbNvE1zxZyJ6yikMVtHIvwP45+ZQGJn+FdXGKTozq0g==",
      "dev": true,
      "requires": {
        "@types/express-serve-static-core": "*",
        "@types/mime": "*"
      }
    },
    "accepts": {
      "version": "1.3.7",
      "resolved": "https://registry.npmjs.org/accepts/-/accepts-1.3.7.tgz",
      "integrity": "sha512-Il80Qs2WjYlJIBNzNkK6KYqlVMTbZLXgHx2oT0pU/fjRHyEp+PEfEPY0R3WCwAGVOtauxh1hOxNgIf5bv7dQpA==",
      "requires": {
        "mime-types": "~2.1.24",
        "negotiator": "0.6.2"
      }
    },
    "ansi-regex": {
      "version": "5.0.0",
      "resolved": "https://registry.npmjs.org/ansi-regex/-/ansi-regex-5.0.0.tgz",
      "integrity": "sha512-bY6fj56OUQ0hU1KjFNDQuJFezqKdrAyFdIevADiqrWHwSlbmBNMHp5ak2f40Pm8JTFyM2mqxkG6ngkHO11f/lg=="
    },
    "ansi-styles": {
      "version": "4.2.1",
      "resolved": "https://registry.npmjs.org/ansi-styles/-/ansi-styles-4.2.1.tgz",
      "integrity": "sha512-9VGjrMsG1vePxcSweQsN20KY/c4zN0h9fLjqAbwbPfahM3t+NL+M9HC8xeXG2I8pX5NoamTGNuomEUFI7fcUjA==",
      "requires": {
        "@types/color-name": "^1.1.1",
        "color-convert": "^2.0.1"
      }
    },
    "arg": {
      "version": "4.1.3",
      "resolved": "https://registry.npmjs.org/arg/-/arg-4.1.3.tgz",
      "integrity": "sha512-58S9QDqG0Xx27YwPSt9fJxivjYl432YCwfDMfZ+71RAqUrZef7LrKQZ3LHLOwCS4FLNBplP533Zx895SeOCHvA==",
      "dev": true
    },
    "array-flatten": {
      "version": "1.1.1",
      "resolved": "https://registry.npmjs.org/array-flatten/-/array-flatten-1.1.1.tgz",
      "integrity": "sha1-ml9pkFGx5wczKPKgCJaLZOopVdI="
    },
    "bcfg": {
      "version": "0.1.6",
      "resolved": "https://registry.npmjs.org/bcfg/-/bcfg-0.1.6.tgz",
      "integrity": "sha512-BR2vwQZwu24aRm588XHOnPVjjQtbK8sF0RopRFgMuke63/REJMWnePTa2YHKDBefuBYiVdgkowuB1/e4K7Ue3g==",
      "requires": {
        "bsert": "~0.0.10"
      }
    },
    "bcrypto": {
      "version": "5.0.4",
      "resolved": "https://registry.npmjs.org/bcrypto/-/bcrypto-5.0.4.tgz",
      "integrity": "sha512-5vNoWRFU7cJ3hjhL2O/1Q1U/L/+e2+eDkjUChRAolfrVyeyZcwV3qTTQYn+XA1eUzrZbSZaaH5ZtvJOTwUPh6A==",
      "requires": {
        "bufio": "~1.0.6",
        "loady": "~0.0.1",
        "nan": "^2.14.0"
      }
    },
    "bcurl": {
      "version": "0.1.6",
      "resolved": "https://registry.npmjs.org/bcurl/-/bcurl-0.1.6.tgz",
      "integrity": "sha512-noeDhfqFiUcNOUuZKErkXcbZfxBjn6duTfYPEfA4hAYXGr7gwVxkAWvIerxl3ZLLyn8jzh7Oi0nHlrLm1ST9Fw==",
      "requires": {
        "brq": "~0.1.7",
        "bsert": "~0.0.10",
        "bsock": "~0.1.8"
      }
    },
    "bdb": {
      "version": "1.2.1",
      "resolved": "https://registry.npmjs.org/bdb/-/bdb-1.2.1.tgz",
      "integrity": "sha512-YASfideX6vIxsfqbP5Ky2zTQn56lSMSJSL6F/pku6Nh2K2cyO6TvD6qUJ9BJRXVzsKhwWSA1omzPhIgV9q+YNg==",
      "requires": {
        "bsert": "~0.0.10",
        "loady": "~0.0.1"
      }
    },
    "bdns": {
      "version": "0.1.5",
      "resolved": "https://registry.npmjs.org/bdns/-/bdns-0.1.5.tgz",
      "integrity": "sha512-LNVkfM7ynlAD0CvPvO9cKxW8YXt1KOCRQZlRsGZWeMyymUWVdHQpZudAzH9chaFAz6HiwAnQxwDemCKDPy6Mag==",
      "requires": {
        "bsert": "~0.0.10"
      }
    },
    "bevent": {
      "version": "0.1.5",
      "resolved": "https://registry.npmjs.org/bevent/-/bevent-0.1.5.tgz",
      "integrity": "sha512-hs6T3BjndibrAmPSoKTHmKa3tz/c6Qgjv9iZw+tAoxuP6izfTCkzfltBQrW7SuK5xnY22gv9jCEf51+mRH+Qvg==",
      "requires": {
        "bsert": "~0.0.10"
      }
    },
    "bfile": {
      "version": "0.2.2",
      "resolved": "https://registry.npmjs.org/bfile/-/bfile-0.2.2.tgz",
      "integrity": "sha512-X205SsJ7zFAnjeJ/pBLqDqF10x/4Su3pBy8UdVKw4hdGJk7t5pLoRi+uG4rPaDAClGbrEfT/06PGUbYiMYKzTg=="
    },
    "bfilter": {
      "version": "1.0.5",
      "resolved": "https://registry.npmjs.org/bfilter/-/bfilter-1.0.5.tgz",
      "integrity": "sha512-GupIidtCvLbKhXnA1sxvrwa+gh95qbjafy7P1U1x/2DHxNabXq4nGW0x3rmgzlJMYlVl+c8fMxoMRIwpKYlgcQ==",
      "requires": {
        "bsert": "~0.0.10",
        "bufio": "~1.0.6",
        "mrmr": "~0.1.6"
      }
    },
    "bheep": {
      "version": "0.1.5",
      "resolved": "https://registry.npmjs.org/bheep/-/bheep-0.1.5.tgz",
      "integrity": "sha512-0KR5Zi8hgJBKL35+aYzndCTtgSGakOMxrYw2uszd5UmXTIfx3+drPGoETlVbQ6arTdAzSoQYA1j35vbaWpQXBg==",
      "requires": {
        "bsert": "~0.0.10"
      }
    },
    "bindings": {
      "version": "1.5.0",
      "resolved": "https://registry.npmjs.org/bindings/-/bindings-1.5.0.tgz",
      "integrity": "sha512-p2q/t/mhvuOj/UeLlV6566GD/guowlr0hHxClI0W9m7MWYkL1F0hLo+0Aexs9HSPCtR1SXQ0TD3MMKrXZajbiQ==",
      "requires": {
        "file-uri-to-path": "1.0.0"
      }
    },
    "binet": {
      "version": "0.3.5",
      "resolved": "https://registry.npmjs.org/binet/-/binet-0.3.5.tgz",
      "integrity": "sha512-suogkqXrt63Z76ABvwJjI28w+LWrRE53nwItDPz1VwNjHEuh1+rxudGYtoewFmMhkJ9pW/VGGnjoxP+AGzHgLQ==",
      "requires": {
        "bs32": "~0.1.5",
        "bsert": "~0.0.10"
      }
    },
    "blgr": {
      "version": "0.1.7",
      "resolved": "https://registry.npmjs.org/blgr/-/blgr-0.1.7.tgz",
      "integrity": "sha512-+jSaU2jnYqF+ec9e8nzjfjU7QhZIntkDNG8/AEwoxW7J3mmwvmUfAI5lm9BFYs1OzT+1UgIZTFHa2qWjTBURfw==",
      "requires": {
        "bsert": "~0.0.10"
      }
    },
    "blru": {
      "version": "0.1.6",
      "resolved": "https://registry.npmjs.org/blru/-/blru-0.1.6.tgz",
      "integrity": "sha512-34+xZ2u4ys/aUzWCU9m6Eee4nVuN1ywdxbi8b3Z2WULU6qvnfeHvCWEdGzlVfRbbhimG2xxJX6R77GD2cuVO6w==",
      "requires": {
        "bsert": "~0.0.10"
      }
    },
    "blst": {
      "version": "0.1.5",
      "resolved": "https://registry.npmjs.org/blst/-/blst-0.1.5.tgz",
      "integrity": "sha512-TPl04Cx3CHdPFAJ2x9Xx1Z1FOfpAzmNPfHkfo+pGAaNH4uLhS58ExvamVkZh3jadF+B7V5sMtqvrqdf9mHINYA==",
      "requires": {
        "bsert": "~0.0.10"
      }
    },
    "bmutex": {
      "version": "0.1.6",
      "resolved": "https://registry.npmjs.org/bmutex/-/bmutex-0.1.6.tgz",
      "integrity": "sha512-nXWOXtQHbfPaMl6jyEF/rmRMrcemj2qn+OCAI/uZYurjfx7Dg3baoXdPzHOL0U8Cfvn8CWxKcnM/rgxL7DR4zw==",
      "requires": {
        "bsert": "~0.0.10"
      }
    },
    "bns": {
      "version": "0.10.3",
      "resolved": "https://registry.npmjs.org/bns/-/bns-0.10.3.tgz",
      "integrity": "sha512-uk0aXOZQ2b2GfR9crCZ19IktBANK038/P5ZhYuS6Qruju8HXyuOvv9NO4JBHE2CG1nIyORk7MqBLolBK8uEvjw==",
      "requires": {
        "bcrypto": "~5.0.0",
        "bfile": "~0.2.1",
        "bheep": "~0.1.5",
        "binet": "~0.3.5",
        "bs32": "~0.1.6",
        "bsert": "~0.0.10",
        "btcp": "~0.1.5",
        "budp": "~0.1.6",
        "bufio": "~1.0.6",
        "unbound": "~0.3.5"
      }
    },
    "body-parser": {
      "version": "1.19.0",
      "resolved": "https://registry.npmjs.org/body-parser/-/body-parser-1.19.0.tgz",
      "integrity": "sha512-dhEPs72UPbDnAQJ9ZKMNTP6ptJaionhP5cBb541nXPlW60Jepo9RV/a4fX4XWW9CuFNK22krhrj1+rgzifNCsw==",
      "requires": {
        "bytes": "3.1.0",
        "content-type": "~1.0.4",
        "debug": "2.6.9",
        "depd": "~1.1.2",
        "http-errors": "1.7.2",
        "iconv-lite": "0.4.24",
        "on-finished": "~2.3.0",
        "qs": "6.7.0",
        "raw-body": "2.4.0",
        "type-is": "~1.6.17"
      }
    },
    "brq": {
      "version": "0.1.8",
      "resolved": "https://registry.npmjs.org/brq/-/brq-0.1.8.tgz",
      "integrity": "sha512-6SDY1lJMKXgt5TZ6voJQMH2zV1XPWWtm203PSkx3DSg9AYNYuRfOPFSBDkNemabzgpzFW9/neR4YhTvyJml8rQ==",
      "requires": {
        "bsert": "~0.0.10"
      }
    },
    "bs32": {
      "version": "0.1.6",
      "resolved": "https://registry.npmjs.org/bs32/-/bs32-0.1.6.tgz",
      "integrity": "sha512-usjDesQqZ8ihHXOnOEQuAdymBHnJEfSd+aELFSg1jN/V3iAf12HrylHlRJwIt6DTMmXpBDQ+YBg3Q3DIYdhRgQ==",
      "requires": {
        "bsert": "~0.0.10"
      }
    },
    "bsert": {
      "version": "0.0.10",
      "resolved": "https://registry.npmjs.org/bsert/-/bsert-0.0.10.tgz",
      "integrity": "sha512-NHNwlac+WPy4t2LoNh8pXk8uaIGH3NSaIUbTTRXGpE2WEbq0te/tDykYHkFK57YKLPjv/aGHmbqvnGeVWDz57Q=="
    },
    "bsock": {
      "version": "0.1.9",
      "resolved": "https://registry.npmjs.org/bsock/-/bsock-0.1.9.tgz",
      "integrity": "sha512-/l9Kg/c5o+n/0AqreMxh2jpzDMl1ikl4gUxT7RFNe3A3YRIyZkiREhwcjmqxiymJSRI/Qhew357xGn1SLw/xEw==",
      "requires": {
        "bsert": "~0.0.10"
      }
    },
    "bsocks": {
      "version": "0.2.5",
      "resolved": "https://registry.npmjs.org/bsocks/-/bsocks-0.2.5.tgz",
      "integrity": "sha512-w1yG8JmfKPIaTDLuR9TIxJM2Ma6nAiInRpLNZ43g3qPnPHjawCC4SV6Bdy84bEJQX1zJWYTgdod/BnQlDhq4Gg==",
      "requires": {
        "binet": "~0.3.5",
        "bsert": "~0.0.10"
      }
    },
    "btcp": {
      "version": "0.1.5",
      "resolved": "https://registry.npmjs.org/btcp/-/btcp-0.1.5.tgz",
      "integrity": "sha512-tkrtMDxeJorn5p0KxaLXELneT8AbfZMpOFeoKYZ5qCCMMSluNuwut7pGccLC5YOJqmuk0DR774vNVQLC9sNq/A=="
    },
    "budp": {
      "version": "0.1.6",
      "resolved": "https://registry.npmjs.org/budp/-/budp-0.1.6.tgz",
      "integrity": "sha512-o+a8NPq3DhV91j4nInjht2md6mbU1XL+7ciPltP66rw5uD3KP1m5r8lA94LZVaPKcFdJ0l2HVVzRNxnY26Pefg=="
    },
    "buffer-from": {
      "version": "1.1.1",
      "resolved": "https://registry.npmjs.org/buffer-from/-/buffer-from-1.1.1.tgz",
      "integrity": "sha512-MQcXEUbCKtEo7bhqEs6560Hyd4XaovZlO/k9V3hjVUF/zwW7KBVdSK4gIt/bzwS9MbR5qob+F5jusZsb0YQK2A==",
      "dev": true
    },
    "buffer-map": {
      "version": "0.0.7",
      "resolved": "https://registry.npmjs.org/buffer-map/-/buffer-map-0.0.7.tgz",
      "integrity": "sha512-95try3p/vMRkIAAnJDaGkFhGpT/65NoeW6XelEPjAomWYR58RQtW4khn0SwKj34kZoE7uxL7w2koZSwbnszvQQ=="
    },
    "buffer-writer": {
      "version": "2.0.0",
      "resolved": "https://registry.npmjs.org/buffer-writer/-/buffer-writer-2.0.0.tgz",
      "integrity": "sha512-a7ZpuTZU1TRtnwyCNW3I5dc0wWNC3VR9S++Ewyk2HHZdrO3CQJqSpd+95Us590V6AL7JqUAH2IwZ/398PmNFgw=="
    },
    "bufio": {
      "version": "1.0.6",
      "resolved": "https://registry.npmjs.org/bufio/-/bufio-1.0.6.tgz",
      "integrity": "sha512-mjYZFRHmI9bk3Oeexu0rWjHFY+w6hGLabdmwSFzq+EFr4MHHsNOYduDVdYl71NG5pTPL7GGzUCMk9cYuV34/Qw=="
    },
    "bupnp": {
      "version": "0.2.6",
      "resolved": "https://registry.npmjs.org/bupnp/-/bupnp-0.2.6.tgz",
      "integrity": "sha512-J6ykzJhZMxXKN78K+1NzFi3v/51X2Mvzp2hW42BWwmxIVfau6PaN99gyABZ8x05e8MObWbsAis23gShhj9qpbw==",
      "requires": {
        "binet": "~0.3.5",
        "brq": "~0.1.7",
        "bsert": "~0.0.10"
      }
    },
    "bval": {
      "version": "0.1.6",
      "resolved": "https://registry.npmjs.org/bval/-/bval-0.1.6.tgz",
      "integrity": "sha512-jxNH9gSx7g749hQtS+nTxXYz/bLxwr4We1RHFkCYalNYcj12RfbW6qYWsKu0RYiKAdFcbNoZRHmWrIuXIyhiQQ==",
      "requires": {
        "bsert": "~0.0.10"
      }
    },
    "bweb": {
      "version": "0.1.10",
      "resolved": "https://registry.npmjs.org/bweb/-/bweb-0.1.10.tgz",
      "integrity": "sha512-3Kkz/rfsyAWUS+8DV5XYhwcgVN4DfDewrP+iFTcpQfdZzcF6+OypAq7dHOtXV0sW7U/3msA/sEEqz0MHZ9ERWg==",
      "requires": {
        "bsert": "~0.0.10",
        "bsock": "~0.1.8"
      }
    },
    "bytes": {
      "version": "3.1.0",
      "resolved": "https://registry.npmjs.org/bytes/-/bytes-3.1.0.tgz",
      "integrity": "sha512-zauLjrfCG+xvoyaqLoV8bLVXXNGC4JqlxFCutSDWA6fJrTo2ZuvLYTqZ7aHBLZSMOopbzwv8f+wZcVzfVTI2Dg=="
    },
    "camelcase": {
      "version": "5.3.1",
      "resolved": "https://registry.npmjs.org/camelcase/-/camelcase-5.3.1.tgz",
      "integrity": "sha512-L28STB170nwWS63UjtlEOE3dldQApaJXZkOI1uMFfzf3rRuPegHaHesyee+YxQ+W6SvRDQV6UrdOdRiR153wJg=="
    },
    "chalk": {
      "version": "3.0.0",
      "resolved": "https://registry.npmjs.org/chalk/-/chalk-3.0.0.tgz",
      "integrity": "sha512-4D3B6Wf41KOYRFdszmDqMCGq5VV/uMAB273JILmO+3jAlh8X4qDtdtgCR3fxtbLEMzSx22QdhnDcJvu2u1fVwg==",
      "requires": {
        "ansi-styles": "^4.1.0",
        "supports-color": "^7.1.0"
      }
    },
    "cliui": {
      "version": "6.0.0",
      "resolved": "https://registry.npmjs.org/cliui/-/cliui-6.0.0.tgz",
      "integrity": "sha512-t6wbgtoCXvAzst7QgXxJYqPt0usEfbgQdftEPbLL/cvv6HPE5VgvqCuAIDR0NgU52ds6rFwqrgakNLrHEjCbrQ==",
      "requires": {
        "string-width": "^4.2.0",
        "strip-ansi": "^6.0.0",
        "wrap-ansi": "^6.2.0"
      }
    },
    "color-convert": {
      "version": "2.0.1",
      "resolved": "https://registry.npmjs.org/color-convert/-/color-convert-2.0.1.tgz",
      "integrity": "sha512-RRECPsj7iu/xb5oKYcsFHSppFNnsj/52OVTRKb4zP5onXwVF3zVmmToNcOfGC+CRDpfK/U584fMg38ZHCaElKQ==",
      "requires": {
        "color-name": "~1.1.4"
      }
    },
    "color-name": {
      "version": "1.1.4",
      "resolved": "https://registry.npmjs.org/color-name/-/color-name-1.1.4.tgz",
      "integrity": "sha512-dOy+3AuW3a2wNbZHIuMZpTcgjGuLU/uBL/ubcZF9OXbDo8ff4O8yVp5Bf0efS8uEoYo5q4Fx7dY9OgQGXgAsQA=="
    },
    "content-disposition": {
      "version": "0.5.3",
      "resolved": "https://registry.npmjs.org/content-disposition/-/content-disposition-0.5.3.tgz",
      "integrity": "sha512-ExO0774ikEObIAEV9kDo50o+79VCUdEB6n6lzKgGwupcVeRlhrj3qGAfwq8G6uBJjkqLrhT0qEYFcWng8z1z0g==",
      "requires": {
        "safe-buffer": "5.1.2"
      }
    },
    "content-type": {
      "version": "1.0.4",
      "resolved": "https://registry.npmjs.org/content-type/-/content-type-1.0.4.tgz",
      "integrity": "sha512-hIP3EEPs8tB9AT1L+NUqtwOAps4mk2Zob89MWXMHjHWg9milF/j4osnnQLXBCBFBk/tvIG/tUc9mOUJiPBhPXA=="
    },
    "cookie": {
      "version": "0.4.0",
      "resolved": "https://registry.npmjs.org/cookie/-/cookie-0.4.0.tgz",
      "integrity": "sha512-+Hp8fLp57wnUSt0tY0tHEXh4voZRDnoIrZPqlo3DPiI4y9lwg/jqx+1Om94/W6ZaPDOUbnjOt/99w66zk+l1Xg=="
    },
    "cookie-signature": {
      "version": "1.0.6",
      "resolved": "https://registry.npmjs.org/cookie-signature/-/cookie-signature-1.0.6.tgz",
      "integrity": "sha1-4wOogrNCzD7oylE6eZmXNNqzriw="
    },
    "core-util-is": {
      "version": "1.0.2",
      "resolved": "https://registry.npmjs.org/core-util-is/-/core-util-is-1.0.2.tgz",
      "integrity": "sha1-tf1UIgqivFq1eqtxQMlAdUUDwac="
    },
    "debug": {
      "version": "2.6.9",
      "resolved": "https://registry.npmjs.org/debug/-/debug-2.6.9.tgz",
      "integrity": "sha512-bC7ElrdJaJnPbAP+1EotYvqZsb3ecl5wi6Bfi6BJTUcNowp6cvspg0jXznRTKDjm/E7AdgFBVeAPVMNcKGsHMA==",
      "requires": {
        "ms": "2.0.0"
      }
    },
    "decamelize": {
      "version": "1.2.0",
      "resolved": "https://registry.npmjs.org/decamelize/-/decamelize-1.2.0.tgz",
      "integrity": "sha1-9lNNFRSCabIDUue+4m9QH5oZEpA="
    },
    "depd": {
      "version": "1.1.2",
      "resolved": "https://registry.npmjs.org/depd/-/depd-1.1.2.tgz",
      "integrity": "sha1-m81S4UwJd2PnSbJ0xDRu0uVgtak="
    },
    "destroy": {
      "version": "1.0.4",
      "resolved": "https://registry.npmjs.org/destroy/-/destroy-1.0.4.tgz",
      "integrity": "sha1-l4hXRCxEdJ5CBmE+N5RiBYJqvYA="
    },
    "diff": {
      "version": "4.0.2",
      "resolved": "https://registry.npmjs.org/diff/-/diff-4.0.2.tgz",
      "integrity": "sha512-58lmxKSA4BNyLz+HHMUzlOEpg09FV+ev6ZMe3vJihgdxzgcwZ8VoEEPmALCZG9LmqfVoNMMKpttIYTVG6uDY7A==",
      "dev": true
    },
    "ee-first": {
      "version": "1.1.1",
      "resolved": "https://registry.npmjs.org/ee-first/-/ee-first-1.1.1.tgz",
      "integrity": "sha1-WQxhFWsK4vTwJVcyoViyZrxWsh0="
    },
    "emoji-regex": {
      "version": "8.0.0",
      "resolved": "https://registry.npmjs.org/emoji-regex/-/emoji-regex-8.0.0.tgz",
      "integrity": "sha512-MSjYzcWNOA0ewAHpz0MxpYFvwg6yjy1NG3xteoqz644VCo/RPgnr1/GGt+ic3iJTzQ8Eu3TdM14SawnVUmGE6A=="
    },
    "encodeurl": {
      "version": "1.0.2",
      "resolved": "https://registry.npmjs.org/encodeurl/-/encodeurl-1.0.2.tgz",
      "integrity": "sha1-rT/0yG7C0CkyL1oCw6mmBslbP1k="
    },
    "escape-html": {
      "version": "1.0.3",
      "resolved": "https://registry.npmjs.org/escape-html/-/escape-html-1.0.3.tgz",
      "integrity": "sha1-Aljq5NPQwJdN4cFpGI7wBR0dGYg="
    },
    "etag": {
      "version": "1.8.1",
      "resolved": "https://registry.npmjs.org/etag/-/etag-1.8.1.tgz",
      "integrity": "sha1-Qa4u62XvpiJorr/qg6x9eSmbCIc="
    },
    "express": {
      "version": "4.17.1",
      "resolved": "https://registry.npmjs.org/express/-/express-4.17.1.tgz",
      "integrity": "sha512-mHJ9O79RqluphRrcw2X/GTh3k9tVv8YcoyY4Kkh4WDMUYKRZUq0h1o0w2rrrxBqM7VoeUVqgb27xlEMXTnYt4g==",
      "requires": {
        "accepts": "~1.3.7",
        "array-flatten": "1.1.1",
        "body-parser": "1.19.0",
        "content-disposition": "0.5.3",
        "content-type": "~1.0.4",
        "cookie": "0.4.0",
        "cookie-signature": "1.0.6",
        "debug": "2.6.9",
        "depd": "~1.1.2",
        "encodeurl": "~1.0.2",
        "escape-html": "~1.0.3",
        "etag": "~1.8.1",
        "finalhandler": "~1.1.2",
        "fresh": "0.5.2",
        "merge-descriptors": "1.0.1",
        "methods": "~1.1.2",
        "on-finished": "~2.3.0",
        "parseurl": "~1.3.3",
        "path-to-regexp": "0.1.7",
        "proxy-addr": "~2.0.5",
        "qs": "6.7.0",
        "range-parser": "~1.2.1",
        "safe-buffer": "5.1.2",
        "send": "0.17.1",
        "serve-static": "1.14.1",
        "setprototypeof": "1.1.1",
        "statuses": "~1.5.0",
        "type-is": "~1.6.18",
        "utils-merge": "1.0.1",
        "vary": "~1.1.2"
      }
    },
    "file-uri-to-path": {
      "version": "1.0.0",
      "resolved": "https://registry.npmjs.org/file-uri-to-path/-/file-uri-to-path-1.0.0.tgz",
      "integrity": "sha512-0Zt+s3L7Vf1biwWZ29aARiVYLx7iMGnEUl9x33fbB/j3jR81u/O2LbqK+Bm1CDSNDKVtJ/YjwY7TUd5SkeLQLw=="
    },
    "finalhandler": {
      "version": "1.1.2",
      "resolved": "https://registry.npmjs.org/finalhandler/-/finalhandler-1.1.2.tgz",
      "integrity": "sha512-aAWcW57uxVNrQZqFXjITpW3sIUQmHGG3qSb9mUah9MgMC4NeWhNOlNjXEYq3HjRAvL6arUviZGGJsBg6z0zsWA==",
      "requires": {
        "debug": "2.6.9",
        "encodeurl": "~1.0.2",
        "escape-html": "~1.0.3",
        "on-finished": "~2.3.0",
        "parseurl": "~1.3.3",
        "statuses": "~1.5.0",
        "unpipe": "~1.0.0"
      }
    },
    "find-up": {
      "version": "4.1.0",
      "resolved": "https://registry.npmjs.org/find-up/-/find-up-4.1.0.tgz",
      "integrity": "sha512-PpOwAdQ/YlXQ2vj8a3h8IipDuYRi3wceVQQGYWxNINccq40Anw7BlsEXCMbt1Zt+OLA6Fq9suIpIWD0OsnISlw==",
      "requires": {
        "locate-path": "^5.0.0",
        "path-exists": "^4.0.0"
      }
    },
    "forwarded": {
      "version": "0.1.2",
      "resolved": "https://registry.npmjs.org/forwarded/-/forwarded-0.1.2.tgz",
      "integrity": "sha1-mMI9qxF1ZXuMBXPozszZGw/xjIQ="
    },
    "fresh": {
      "version": "0.5.2",
      "resolved": "https://registry.npmjs.org/fresh/-/fresh-0.5.2.tgz",
      "integrity": "sha1-PYyt2Q2XZWn6g1qx+OSyOhBWBac="
    },
    "get-caller-file": {
      "version": "2.0.5",
      "resolved": "https://registry.npmjs.org/get-caller-file/-/get-caller-file-2.0.5.tgz",
      "integrity": "sha512-DyFP3BM/3YHTQOCUL/w0OZHR0lpKeGrxotcHWcqNEdnltqFwXVfhEBQ94eIo34AfQpo0rGki4cyIiftY06h2Fg=="
    },
    "goosig": {
      "version": "0.6.1",
      "resolved": "https://registry.npmjs.org/goosig/-/goosig-0.6.1.tgz",
      "integrity": "sha512-Yamnux6sxilX+7zT/+fuD75Ar0dJOX/fpijbMHkJUd4536Z16gE1MMbe9y+2RRAVVaCrdV0KbpmAOd1iWl5zzw==",
      "requires": {
        "bcrypto": "~5.0.0",
        "bsert": "~0.0.10",
        "loady": "~0.0.1",
        "nan": "^2.14.0"
      }
    },
    "has-flag": {
      "version": "4.0.0",
      "resolved": "https://registry.npmjs.org/has-flag/-/has-flag-4.0.0.tgz",
      "integrity": "sha512-EykJT/Q1KjTWctppgIAgfSO0tKVuZUjhgMr17kqTumMl6Afv3EISleU7qZUzoXDFTAHTDC4NOoG/ZxU3EvlMPQ=="
    },
    "hs-client": {
      "version": "0.0.8",
      "resolved": "https://registry.npmjs.org/hs-client/-/hs-client-0.0.8.tgz",
      "integrity": "sha512-G5QZ1F1SFWRdxmbkqWEIfND8SeY4ZyG5xSebN3wthxBk+0uen2/7QTsfHpRvZWfIIHprt16wCLvel+sPE880eA==",
      "requires": {
        "bcfg": "~0.1.6",
        "bcurl": "~0.1.6",
        "bsert": "~0.0.10"
      }
    },
    "hsd": {
      "version": "github:handshake-org/hsd#98b33cc6e6911f5b136f99cd025ae9d380d03312",
      "from": "github:handshake-org/hsd",
      "requires": {
        "bcfg": "~0.1.6",
        "bcrypto": "~5.0.4",
        "bdb": "~1.2.1",
        "bdns": "~0.1.5",
        "bevent": "~0.1.5",
        "bfile": "~0.2.2",
        "bfilter": "~1.0.5",
        "bheep": "~0.1.5",
        "binet": "~0.3.5",
        "blgr": "~0.1.7",
        "blru": "~0.1.6",
        "blst": "~0.1.5",
        "bmutex": "~0.1.6",
        "bns": "~0.10.3",
        "bsert": "~0.0.10",
        "bsock": "~0.1.9",
        "bsocks": "~0.2.5",
        "btcp": "~0.1.5",
        "buffer-map": "~0.0.7",
        "bufio": "~1.0.6",
        "bupnp": "~0.2.6",
        "bval": "~0.1.6",
        "bweb": "~0.1.10",
        "goosig": "~0.6.1",
        "hs-client": "~0.0.8",
        "n64": "~0.2.10",
        "urkel": "~0.6.3"
      }
    },
    "http-errors": {
      "version": "1.7.2",
      "resolved": "https://registry.npmjs.org/http-errors/-/http-errors-1.7.2.tgz",
      "integrity": "sha512-uUQBt3H/cSIVfch6i1EuPNy/YsRSOUBXTVfZ+yR7Zjez3qjBz6i9+i4zjNaoqcoFVI4lQJ5plg63TvGfRSDCRg==",
      "requires": {
        "depd": "~1.1.2",
        "inherits": "2.0.3",
        "setprototypeof": "1.1.1",
        "statuses": ">= 1.5.0 < 2",
        "toidentifier": "1.0.0"
      },
      "dependencies": {
        "inherits": {
          "version": "2.0.3",
          "resolved": "https://registry.npmjs.org/inherits/-/inherits-2.0.3.tgz",
          "integrity": "sha1-Yzwsg+PaQqUC9SRmAiSA9CCCYd4="
        }
      }
    },
    "iconv-lite": {
      "version": "0.4.24",
      "resolved": "https://registry.npmjs.org/iconv-lite/-/iconv-lite-0.4.24.tgz",
      "integrity": "sha512-v3MXnZAcvnywkTUEZomIActle7RXXeedOR31wwl7VlyoXO4Qi9arvSenNQWne1TcRwhCL1HwLI21bEqdpj8/rA==",
      "requires": {
        "safer-buffer": ">= 2.1.2 < 3"
      }
    },
    "inherits": {
      "version": "2.0.4",
      "resolved": "https://registry.npmjs.org/inherits/-/inherits-2.0.4.tgz",
      "integrity": "sha512-k/vGaX4/Yla3WzyMCvTQOXYeIHvqOKtnqBduzTHpzpQZzAskKMhZ2K+EnBiSM9zGSoIFeMpXKxa4dYeZIQqewQ=="
    },
    "ipaddr.js": {
      "version": "1.9.1",
      "resolved": "https://registry.npmjs.org/ipaddr.js/-/ipaddr.js-1.9.1.tgz",
      "integrity": "sha512-0KI/607xoxSToH7GjN1FfSbLoU0+btTicjsQSWQlh/hZykN8KpmMf7uYwPW3R+akZ6R/w18ZlXSHBYXiYUPO3g=="
    },
    "is-fullwidth-code-point": {
      "version": "3.0.0",
      "resolved": "https://registry.npmjs.org/is-fullwidth-code-point/-/is-fullwidth-code-point-3.0.0.tgz",
      "integrity": "sha512-zymm5+u+sCsSWyD9qNaejV3DFvhCKclKdizYaJUuHA83RLjb7nSuGnddCHGv0hk+KY7BMAlsWeK4Ueg6EV6XQg=="
    },
    "isarray": {
      "version": "0.0.1",
      "resolved": "https://registry.npmjs.org/isarray/-/isarray-0.0.1.tgz",
      "integrity": "sha1-ihis/Kmo9Bd+Cav8YDiTmwXR7t8="
    },
    "libpq": {
      "version": "1.8.9",
      "resolved": "https://registry.npmjs.org/libpq/-/libpq-1.8.9.tgz",
      "integrity": "sha512-herU0STiW3+/XBoYRycKKf49O9hBKK0JbdC2QmvdC5pyCSu8prb9idpn5bUSbxj8XwcEsWPWWWwTDZE9ZTwJ7g==",
      "requires": {
        "bindings": "1.5.0",
        "nan": "^2.14.0"
      }
    },
    "loady": {
      "version": "0.0.1",
      "resolved": "https://registry.npmjs.org/loady/-/loady-0.0.1.tgz",
      "integrity": "sha512-PW5Z13Jd0v6ZcA1P6ZVUc3EV8BJwQuAiwUvvT6VQGHoaZ1d/tu7r1QZctuKfQqwy9SFBWeAGfcIdLxhp7ZW3Rw=="
    },
    "locate-path": {
      "version": "5.0.0",
      "resolved": "https://registry.npmjs.org/locate-path/-/locate-path-5.0.0.tgz",
      "integrity": "sha512-t7hw9pI+WvuwNJXwk5zVHpyhIqzg2qTlklJOf0mVxGSbe3Fp2VieZcduNYjaLDoy6p9uGpQEGWG87WpMKlNq8g==",
      "requires": {
        "p-locate": "^4.1.0"
      }
    },
    "make-error": {
      "version": "1.3.6",
      "resolved": "https://registry.npmjs.org/make-error/-/make-error-1.3.6.tgz",
      "integrity": "sha512-s8UhlNe7vPKomQhC1qFelMokr/Sc3AgNbso3n74mVPA5LTZwkB9NlXf4XPamLxJE8h0gh73rM94xvwRT2CVInw==",
      "dev": true
    },
    "media-typer": {
      "version": "0.3.0",
      "resolved": "https://registry.npmjs.org/media-typer/-/media-typer-0.3.0.tgz",
      "integrity": "sha1-hxDXrwqmJvj/+hzgAWhUUmMlV0g="
    },
    "merge-descriptors": {
      "version": "1.0.1",
      "resolved": "https://registry.npmjs.org/merge-descriptors/-/merge-descriptors-1.0.1.tgz",
      "integrity": "sha1-sAqqVW3YtEVoFQ7J0blT8/kMu2E="
    },
    "methods": {
      "version": "1.1.2",
      "resolved": "https://registry.npmjs.org/methods/-/methods-1.1.2.tgz",
      "integrity": "sha1-VSmk1nZUE07cxSZmVoNbD4Ua/O4="
    },
    "mime": {
      "version": "1.6.0",
      "resolved": "https://registry.npmjs.org/mime/-/mime-1.6.0.tgz",
      "integrity": "sha512-x0Vn8spI+wuJ1O6S7gnbaQg8Pxh4NNHb7KSINmEWKiPE4RKOplvijn+NkmYmmRgP68mc70j2EbeTFRsrswaQeg=="
    },
    "mime-db": {
      "version": "1.43.0",
      "resolved": "https://registry.npmjs.org/mime-db/-/mime-db-1.43.0.tgz",
      "integrity": "sha512-+5dsGEEovYbT8UY9yD7eE4XTc4UwJ1jBYlgaQQF38ENsKR3wj/8q8RFZrF9WIZpB2V1ArTVFUva8sAul1NzRzQ=="
    },
    "mime-types": {
      "version": "2.1.26",
      "resolved": "https://registry.npmjs.org/mime-types/-/mime-types-2.1.26.tgz",
      "integrity": "sha512-01paPWYgLrkqAyrlDorC1uDwl2p3qZT7yl806vW7DvDoxwXi46jsjFbg+WdwotBIk6/MbEhO/dh5aZ5sNj/dWQ==",
      "requires": {
        "mime-db": "1.43.0"
      }
    },
    "mrmr": {
      "version": "0.1.8",
      "resolved": "https://registry.npmjs.org/mrmr/-/mrmr-0.1.8.tgz",
      "integrity": "sha512-lNav10EJsPZvlMqlBOYQ5atIO9jrlvbJ4/7asqunXY89dHooN5c+W6AV7jtvBRw4wFDR7TpEWfmBQgRGRVwBzA==",
      "requires": {
        "bsert": "~0.0.10",
        "loady": "~0.0.1",
        "nan": "^2.13.1"
      }
    },
    "ms": {
      "version": "2.0.0",
      "resolved": "https://registry.npmjs.org/ms/-/ms-2.0.0.tgz",
      "integrity": "sha1-VgiurfwAvmwpAd9fmGF4jeDVl8g="
    },
    "n64": {
      "version": "0.2.10",
      "resolved": "https://registry.npmjs.org/n64/-/n64-0.2.10.tgz",
      "integrity": "sha512-uH9geV4+roR1tohsrrqSOLCJ9Mh1iFcDI+9vUuydDlDxUS1UCAWUfuGb06p3dj3flzywquJNrGsQ7lHP8+4RVQ=="
    },
    "nan": {
      "version": "2.14.0",
      "resolved": "https://registry.npmjs.org/nan/-/nan-2.14.0.tgz",
      "integrity": "sha512-INOFj37C7k3AfaNTtX8RhsTw7qRy7eLET14cROi9+5HAVbbHuIWUHEauBv5qT4Av2tWasiTY1Jw6puUNqRJXQg=="
    },
    "negotiator": {
      "version": "0.6.2",
      "resolved": "https://registry.npmjs.org/negotiator/-/negotiator-0.6.2.tgz",
      "integrity": "sha512-hZXc7K2e+PgeI1eDBe/10Ard4ekbfrrqG8Ep+8Jmf4JID2bNg7NvCPOZN+kfF574pFQI7mum2AUqDidoKqcTOw=="
    },
    "on-finished": {
      "version": "2.3.0",
      "resolved": "https://registry.npmjs.org/on-finished/-/on-finished-2.3.0.tgz",
      "integrity": "sha1-IPEzZIGwg811M3mSoWlxqi2QaUc=",
      "requires": {
        "ee-first": "1.1.1"
      }
    },
    "p-limit": {
      "version": "2.2.2",
      "resolved": "https://registry.npmjs.org/p-limit/-/p-limit-2.2.2.tgz",
      "integrity": "sha512-WGR+xHecKTr7EbUEhyLSh5Dube9JtdiG78ufaeLxTgpudf/20KqyMioIUZJAezlTIi6evxuoUs9YXc11cU+yzQ==",
      "requires": {
        "p-try": "^2.0.0"
      }
    },
    "p-locate": {
      "version": "4.1.0",
      "resolved": "https://registry.npmjs.org/p-locate/-/p-locate-4.1.0.tgz",
      "integrity": "sha512-R79ZZ/0wAxKGu3oYMlz8jy/kbhsNrS7SKZ7PxEHBgJ5+F2mtFW2fK2cOtBh1cHYkQsbzFV7I+EoRKe6Yt0oK7A==",
      "requires": {
        "p-limit": "^2.2.0"
      }
    },
    "p-try": {
      "version": "2.2.0",
      "resolved": "https://registry.npmjs.org/p-try/-/p-try-2.2.0.tgz",
      "integrity": "sha512-R4nPAVTAU0B9D35/Gk3uJf/7XYbQcyohSKdvAxIRSNghFl4e71hVoGnBNQz9cWaXxO2I10KTC+3jMdvvoKw6dQ=="
    },
    "packet-reader": {
      "version": "1.0.0",
      "resolved": "https://registry.npmjs.org/packet-reader/-/packet-reader-1.0.0.tgz",
      "integrity": "sha512-HAKu/fG3HpHFO0AA8WE8q2g+gBJaZ9MG7fcKk+IJPLTGAD6Psw4443l+9DGRbOIh3/aXr7Phy0TjilYivJo5XQ=="
    },
    "parseurl": {
      "version": "1.3.3",
      "resolved": "https://registry.npmjs.org/parseurl/-/parseurl-1.3.3.tgz",
      "integrity": "sha512-CiyeOxFT/JZyN5m0z9PfXw4SCBJ6Sygz1Dpl0wqjlhDEGGBP1GnsUVEL0p63hoG1fcj3fHynXi9NYO4nWOL+qQ=="
    },
    "path-exists": {
      "version": "4.0.0",
      "resolved": "https://registry.npmjs.org/path-exists/-/path-exists-4.0.0.tgz",
      "integrity": "sha512-ak9Qy5Q7jYb2Wwcey5Fpvg2KoAc/ZIhLSLOSBmRmygPsGwkVVt0fZa0qrtMz+m6tJTAHfZQ8FnmB4MG4LWy7/w=="
    },
    "path-to-regexp": {
      "version": "0.1.7",
      "resolved": "https://registry.npmjs.org/path-to-regexp/-/path-to-regexp-0.1.7.tgz",
      "integrity": "sha1-32BBeABfUi8V60SQ5yR6G/qmf4w="
    },
    "pg": {
      "version": "7.18.2",
      "resolved": "https://registry.npmjs.org/pg/-/pg-7.18.2.tgz",
      "integrity": "sha512-Mvt0dGYMwvEADNKy5PMQGlzPudKcKKzJds/VbOeZJpb6f/pI3mmoXX0JksPgI3l3JPP/2Apq7F36O63J7mgveA==",
      "requires": {
        "buffer-writer": "2.0.0",
        "packet-reader": "1.0.0",
        "pg-connection-string": "0.1.3",
        "pg-packet-stream": "^1.1.0",
        "pg-pool": "^2.0.10",
        "pg-types": "^2.1.0",
        "pgpass": "1.x",
        "semver": "4.3.2"
      }
    },
    "pg-connection-string": {
      "version": "0.1.3",
      "resolved": "https://registry.npmjs.org/pg-connection-string/-/pg-connection-string-0.1.3.tgz",
      "integrity": "sha1-2hhHsglA5C7hSSvq9l1J2RskXfc="
    },
    "pg-int8": {
      "version": "1.0.1",
      "resolved": "https://registry.npmjs.org/pg-int8/-/pg-int8-1.0.1.tgz",
      "integrity": "sha512-WCtabS6t3c8SkpDBUlb1kjOs7l66xsGdKpIPZsg4wR+B3+u9UAum2odSsF9tnvxg80h4ZxLWMy4pRjOsFIqQpw=="
    },
    "pg-native": {
      "version": "3.0.0",
      "resolved": "https://registry.npmjs.org/pg-native/-/pg-native-3.0.0.tgz",
      "integrity": "sha512-qZZyywXJ8O4lbiIN7mn6vXIow1fd3QZFqzRe+uET/SZIXvCa3HBooXQA4ZU8EQX8Ae6SmaYtDGLp5DwU+8vrfg==",
      "requires": {
        "libpq": "^1.7.0",
        "pg-types": "^1.12.1",
        "readable-stream": "1.0.31"
      },
      "dependencies": {
        "pg-types": {
          "version": "1.13.0",
          "resolved": "https://registry.npmjs.org/pg-types/-/pg-types-1.13.0.tgz",
          "integrity": "sha512-lfKli0Gkl/+za/+b6lzENajczwZHc7D5kiUCZfgm914jipD2kIOIvEkAhZ8GrW3/TUoP9w8FHjwpPObBye5KQQ==",
          "requires": {
            "pg-int8": "1.0.1",
            "postgres-array": "~1.0.0",
            "postgres-bytea": "~1.0.0",
            "postgres-date": "~1.0.0",
            "postgres-interval": "^1.1.0"
          }
        },
        "postgres-array": {
          "version": "1.0.3",
          "resolved": "https://registry.npmjs.org/postgres-array/-/postgres-array-1.0.3.tgz",
          "integrity": "sha512-5wClXrAP0+78mcsNX3/ithQ5exKvCyK5lr5NEEEeGwwM6NJdQgzIJBVxLvRW+huFpX92F2QnZ5CcokH0VhK2qQ=="
        }
      }
    },
    "pg-packet-stream": {
      "version": "1.1.0",
      "resolved": "https://registry.npmjs.org/pg-packet-stream/-/pg-packet-stream-1.1.0.tgz",
      "integrity": "sha512-kRBH0tDIW/8lfnnOyTwKD23ygJ/kexQVXZs7gEyBljw4FYqimZFxnMMx50ndZ8In77QgfGuItS5LLclC2TtjYg=="
    },
    "pg-pool": {
      "version": "2.0.10",
      "resolved": "https://registry.npmjs.org/pg-pool/-/pg-pool-2.0.10.tgz",
      "integrity": "sha512-qdwzY92bHf3nwzIUcj+zJ0Qo5lpG/YxchahxIN8+ZVmXqkahKXsnl2aiJPHLYN9o5mB/leG+Xh6XKxtP7e0sjg=="
    },
    "pg-types": {
      "version": "2.2.0",
      "resolved": "https://registry.npmjs.org/pg-types/-/pg-types-2.2.0.tgz",
      "integrity": "sha512-qTAAlrEsl8s4OiEQY69wDvcMIdQN6wdz5ojQiOy6YRMuynxenON0O5oCpJI6lshc6scgAY8qvJ2On/p+CXY0GA==",
      "requires": {
        "pg-int8": "1.0.1",
        "postgres-array": "~2.0.0",
        "postgres-bytea": "~1.0.0",
        "postgres-date": "~1.0.4",
        "postgres-interval": "^1.1.0"
      }
    },
    "pgpass": {
      "version": "1.0.2",
      "resolved": "https://registry.npmjs.org/pgpass/-/pgpass-1.0.2.tgz",
      "integrity": "sha1-Knu0G2BltnkH6R2hsHwYR8h3swY=",
      "requires": {
        "split": "^1.0.0"
      }
    },
    "postgres-array": {
      "version": "2.0.0",
      "resolved": "https://registry.npmjs.org/postgres-array/-/postgres-array-2.0.0.tgz",
      "integrity": "sha512-VpZrUqU5A69eQyW2c5CA1jtLecCsN2U/bD6VilrFDWq5+5UIEVO7nazS3TEcHf1zuPYO/sqGvUvW62g86RXZuA=="
    },
    "postgres-bytea": {
      "version": "1.0.0",
      "resolved": "https://registry.npmjs.org/postgres-bytea/-/postgres-bytea-1.0.0.tgz",
      "integrity": "sha1-AntTPAqokOJtFy1Hz5zOzFIazTU="
    },
    "postgres-date": {
      "version": "1.0.4",
      "resolved": "https://registry.npmjs.org/postgres-date/-/postgres-date-1.0.4.tgz",
      "integrity": "sha512-bESRvKVuTrjoBluEcpv2346+6kgB7UlnqWZsnbnCccTNq/pqfj1j6oBaN5+b/NrDXepYUT/HKadqv3iS9lJuVA=="
    },
    "postgres-interval": {
      "version": "1.2.0",
      "resolved": "https://registry.npmjs.org/postgres-interval/-/postgres-interval-1.2.0.tgz",
      "integrity": "sha512-9ZhXKM/rw350N1ovuWHbGxnGh/SNJ4cnxHiM0rxE4VN41wsg8P8zWn9hv/buK00RP4WvlOyr/RBDiptyxVbkZQ==",
      "requires": {
        "xtend": "^4.0.0"
      }
    },
    "proxy-addr": {
      "version": "2.0.6",
      "resolved": "https://registry.npmjs.org/proxy-addr/-/proxy-addr-2.0.6.tgz",
      "integrity": "sha512-dh/frvCBVmSsDYzw6n926jv974gddhkFPfiN8hPOi30Wax25QZyZEGveluCgliBnqmuM+UJmBErbAUFIoDbjOw==",
      "requires": {
        "forwarded": "~0.1.2",
        "ipaddr.js": "1.9.1"
      }
    },
    "qs": {
      "version": "6.7.0",
      "resolved": "https://registry.npmjs.org/qs/-/qs-6.7.0.tgz",
      "integrity": "sha512-VCdBRNFTX1fyE7Nb6FYoURo/SPe62QCaAyzJvUjwRaIsc+NePBEniHlvxFmmX56+HZphIGtV0XeCirBtpDrTyQ=="
    },
    "range-parser": {
      "version": "1.2.1",
      "resolved": "https://registry.npmjs.org/range-parser/-/range-parser-1.2.1.tgz",
      "integrity": "sha512-Hrgsx+orqoygnmhFbKaHE6c296J+HTAQXoxEF6gNupROmmGJRoyzfG3ccAveqCBrwr/2yxQ5BVd/GTl5agOwSg=="
    },
    "raw-body": {
      "version": "2.4.0",
      "resolved": "https://registry.npmjs.org/raw-body/-/raw-body-2.4.0.tgz",
      "integrity": "sha512-4Oz8DUIwdvoa5qMJelxipzi/iJIi40O5cGV1wNYp5hvZP8ZN0T+jiNkL0QepXs+EsQ9XJ8ipEDoiH70ySUJP3Q==",
      "requires": {
        "bytes": "3.1.0",
        "http-errors": "1.7.2",
        "iconv-lite": "0.4.24",
        "unpipe": "1.0.0"
      }
    },
    "readable-stream": {
      "version": "1.0.31",
      "resolved": "https://registry.npmjs.org/readable-stream/-/readable-stream-1.0.31.tgz",
      "integrity": "sha1-jyUC4LyeOw2huUUgqrtOJgPsr64=",
      "requires": {
        "core-util-is": "~1.0.0",
        "inherits": "~2.0.1",
        "isarray": "0.0.1",
        "string_decoder": "~0.10.x"
      }
    },
    "require-directory": {
      "version": "2.1.1",
      "resolved": "https://registry.npmjs.org/require-directory/-/require-directory-2.1.1.tgz",
      "integrity": "sha1-jGStX9MNqxyXbiNE/+f3kqam30I="
    },
    "require-main-filename": {
      "version": "2.0.0",
      "resolved": "https://registry.npmjs.org/require-main-filename/-/require-main-filename-2.0.0.tgz",
      "integrity": "sha512-NKN5kMDylKuldxYLSUfrbo5Tuzh4hd+2E8NPPX02mZtn1VuREQToYe/ZdlJy+J3uCpfaiGF05e7B8W0iXbQHmg=="
    },
    "safe-buffer": {
      "version": "5.1.2",
      "resolved": "https://registry.npmjs.org/safe-buffer/-/safe-buffer-5.1.2.tgz",
      "integrity": "sha512-Gd2UZBJDkXlY7GbJxfsE8/nvKkUEU1G38c1siN6QP6a9PT9MmHB8GnpscSmMJSoF8LOIrt8ud/wPtojys4G6+g=="
    },
    "safer-buffer": {
      "version": "2.1.2",
      "resolved": "https://registry.npmjs.org/safer-buffer/-/safer-buffer-2.1.2.tgz",
      "integrity": "sha512-YZo3K82SD7Riyi0E1EQPojLz7kpepnSQI9IyPbHHg1XXXevb5dJI7tpyN2ADxGcQbHG7vcyRHk0cbwqcQriUtg=="
    },
    "semver": {
      "version": "4.3.2",
      "resolved": "https://registry.npmjs.org/semver/-/semver-4.3.2.tgz",
      "integrity": "sha1-x6BxWKgL7dBSNVt3DYLWZA+AO+c="
    },
    "send": {
      "version": "0.17.1",
      "resolved": "https://registry.npmjs.org/send/-/send-0.17.1.tgz",
      "integrity": "sha512-BsVKsiGcQMFwT8UxypobUKyv7irCNRHk1T0G680vk88yf6LBByGcZJOTJCrTP2xVN6yI+XjPJcNuE3V4fT9sAg==",
      "requires": {
        "debug": "2.6.9",
        "depd": "~1.1.2",
        "destroy": "~1.0.4",
        "encodeurl": "~1.0.2",
        "escape-html": "~1.0.3",
        "etag": "~1.8.1",
        "fresh": "0.5.2",
        "http-errors": "~1.7.2",
        "mime": "1.6.0",
        "ms": "2.1.1",
        "on-finished": "~2.3.0",
        "range-parser": "~1.2.1",
        "statuses": "~1.5.0"
      },
      "dependencies": {
        "ms": {
          "version": "2.1.1",
          "resolved": "https://registry.npmjs.org/ms/-/ms-2.1.1.tgz",
          "integrity": "sha512-tgp+dl5cGk28utYktBsrFqA7HKgrhgPsg6Z/EfhWI4gl1Hwq8B/GmY/0oXZ6nF8hDVesS/FpnYaD/kOWhYQvyg=="
        }
      }
    },
    "serve-static": {
      "version": "1.14.1",
      "resolved": "https://registry.npmjs.org/serve-static/-/serve-static-1.14.1.tgz",
      "integrity": "sha512-JMrvUwE54emCYWlTI+hGrGv5I8dEwmco/00EvkzIIsR7MqrHonbD9pO2MOfFnpFntl7ecpZs+3mW+XbQZu9QCg==",
      "requires": {
        "encodeurl": "~1.0.2",
        "escape-html": "~1.0.3",
        "parseurl": "~1.3.3",
        "send": "0.17.1"
      }
    },
    "set-blocking": {
      "version": "2.0.0",
      "resolved": "https://registry.npmjs.org/set-blocking/-/set-blocking-2.0.0.tgz",
      "integrity": "sha1-BF+XgtARrppoA93TgrJDkrPYkPc="
    },
    "setprototypeof": {
      "version": "1.1.1",
      "resolved": "https://registry.npmjs.org/setprototypeof/-/setprototypeof-1.1.1.tgz",
      "integrity": "sha512-JvdAWfbXeIGaZ9cILp38HntZSFSo3mWg6xGcJJsd+d4aRMOqauag1C63dJfDw7OaMYwEbHMOxEZ1lqVRYP2OAw=="
    },
    "source-map-support": {
      "version": "0.5.16",
      "resolved": "https://registry.npmjs.org/source-map-support/-/source-map-support-0.5.16.tgz",
      "integrity": "sha512-efyLRJDr68D9hBBNIPWFjhpFzURh+KJykQwvMyW5UiZzYwoF6l4YMMDIJJEyFWxWCqfyxLzz6tSfUFR+kXXsVQ==",
      "dev": true,
      "requires": {
        "buffer-from": "^1.0.0",
        "source-map": "^0.6.0"
      },
      "dependencies": {
        "source-map": {
          "version": "0.6.1",
          "resolved": "https://registry.npmjs.org/source-map/-/source-map-0.6.1.tgz",
          "integrity": "sha512-UjgapumWlbMhkBgzT7Ykc5YXUT46F0iKu8SGXq0bcwP5dz/h0Plj6enJqjz1Zbq2l5WaqYnrVbwWOWMyF3F47g==",
          "dev": true
        }
      }
    },
    "split": {
      "version": "1.0.1",
      "resolved": "https://registry.npmjs.org/split/-/split-1.0.1.tgz",
      "integrity": "sha512-mTyOoPbrivtXnwnIxZRFYRrPNtEFKlpB2fvjSnCQUiAA6qAZzqwna5envK4uk6OIeP17CsdF3rSBGYVBsU0Tkg==",
      "requires": {
        "through": "2"
      }
    },
    "statuses": {
      "version": "1.5.0",
      "resolved": "https://registry.npmjs.org/statuses/-/statuses-1.5.0.tgz",
      "integrity": "sha1-Fhx9rBd2Wf2YEfQ3cfqZOBR4Yow="
    },
    "string-width": {
      "version": "4.2.0",
      "resolved": "https://registry.npmjs.org/string-width/-/string-width-4.2.0.tgz",
      "integrity": "sha512-zUz5JD+tgqtuDjMhwIg5uFVV3dtqZ9yQJlZVfq4I01/K5Paj5UHj7VyrQOJvzawSVlKpObApbfD0Ed6yJc+1eg==",
      "requires": {
        "emoji-regex": "^8.0.0",
        "is-fullwidth-code-point": "^3.0.0",
        "strip-ansi": "^6.0.0"
      }
    },
    "string_decoder": {
      "version": "0.10.31",
      "resolved": "https://registry.npmjs.org/string_decoder/-/string_decoder-0.10.31.tgz",
      "integrity": "sha1-YuIDvEF2bGwoyfyEMB2rHFMQ+pQ="
    },
    "strip-ansi": {
      "version": "6.0.0",
      "resolved": "https://registry.npmjs.org/strip-ansi/-/strip-ansi-6.0.0.tgz",
      "integrity": "sha512-AuvKTrTfQNYNIctbR1K/YGTR1756GycPsg7b9bdV9Duqur4gv6aKqHXah67Z8ImS7WEz5QVcOtlfW2rZEugt6w==",
      "requires": {
        "ansi-regex": "^5.0.0"
      }
    },
    "supports-color": {
      "version": "7.1.0",
      "resolved": "https://registry.npmjs.org/supports-color/-/supports-color-7.1.0.tgz",
      "integrity": "sha512-oRSIpR8pxT1Wr2FquTNnGet79b3BWljqOuoW/h4oBhxJ/HUbX5nX6JSruTkvXDCFMwDPvsaTTbvMLKZWSy0R5g==",
      "requires": {
        "has-flag": "^4.0.0"
      }
    },
    "through": {
      "version": "2.3.8",
      "resolved": "https://registry.npmjs.org/through/-/through-2.3.8.tgz",
      "integrity": "sha1-DdTJ/6q8NXlgsbckEV1+Doai4fU="
    },
    "toidentifier": {
      "version": "1.0.0",
      "resolved": "https://registry.npmjs.org/toidentifier/-/toidentifier-1.0.0.tgz",
      "integrity": "sha512-yaOH/Pk/VEhBWWTlhI+qXxDFXlejDGcQipMlyxda9nthulaxLZUNcUqFxokp0vcYnvteJln5FNQDRrxj3YcbVw=="
    },
    "ts-node": {
      "version": "8.6.2",
      "resolved": "https://registry.npmjs.org/ts-node/-/ts-node-8.6.2.tgz",
      "integrity": "sha512-4mZEbofxGqLL2RImpe3zMJukvEvcO1XP8bj8ozBPySdCUXEcU5cIRwR0aM3R+VoZq7iXc8N86NC0FspGRqP4gg==",
      "dev": true,
      "requires": {
        "arg": "^4.1.0",
        "diff": "^4.0.1",
        "make-error": "^1.1.1",
        "source-map-support": "^0.5.6",
        "yn": "3.1.1"
      }
    },
    "type-is": {
      "version": "1.6.18",
      "resolved": "https://registry.npmjs.org/type-is/-/type-is-1.6.18.tgz",
      "integrity": "sha512-TkRKr9sUTxEH8MdfuCSP7VizJyzRNMjj2J2do2Jr3Kym598JVdEksuzPQCnlFPW4ky9Q+iA+ma9BGm06XQBy8g==",
      "requires": {
        "media-typer": "0.3.0",
        "mime-types": "~2.1.24"
      }
    },
    "typescript": {
      "version": "3.8.3",
      "resolved": "https://registry.npmjs.org/typescript/-/typescript-3.8.3.tgz",
      "integrity": "sha512-MYlEfn5VrLNsgudQTVJeNaQFUAI7DkhnOjdpAp4T+ku1TfQClewlbSuTVHiA+8skNBgaf02TL/kLOvig4y3G8w==",
      "dev": true
    },
    "unbound": {
      "version": "0.3.5",
      "resolved": "https://registry.npmjs.org/unbound/-/unbound-0.3.5.tgz",
      "integrity": "sha512-vnIkZGQswi7SVEnGI+25+oN9hLA7rc40zWi+xnzEwktNIZFtAC8PB/e5FMWgFoXUC4p2Jb/ZRNsZDcv3vivH+g==",
      "optional": true,
      "requires": {
        "loady": "~0.0.1",
        "nan": "^2.13.1"
      }
    },
    "unpipe": {
      "version": "1.0.0",
      "resolved": "https://registry.npmjs.org/unpipe/-/unpipe-1.0.0.tgz",
      "integrity": "sha1-sr9O6FFKrmFltIF4KdIbLvSZBOw="
    },
    "urkel": {
      "version": "0.6.3",
      "resolved": "https://registry.npmjs.org/urkel/-/urkel-0.6.3.tgz",
      "integrity": "sha512-aY/u3cpCRRwa3XjUGG8DcLcQJSNmQ0+qXDeT0igDytKhrK+yiusZ7mYdPRzmtbQ2CPozHhwsmVxCVBkPBp9jDQ==",
      "requires": {
        "bfile": "~0.2.1",
        "bmutex": "~0.1.6",
        "bsert": "~0.0.10"
      }
    },
    "utils-merge": {
      "version": "1.0.1",
      "resolved": "https://registry.npmjs.org/utils-merge/-/utils-merge-1.0.1.tgz",
      "integrity": "sha1-n5VxD1CiZ5R7LMwSR0HBAoQn5xM="
    },
    "vary": {
      "version": "1.1.2",
      "resolved": "https://registry.npmjs.org/vary/-/vary-1.1.2.tgz",
      "integrity": "sha1-IpnwLG3tMNSllhsLn3RSShj2NPw="
    },
    "which-module": {
      "version": "2.0.0",
      "resolved": "https://registry.npmjs.org/which-module/-/which-module-2.0.0.tgz",
      "integrity": "sha1-2e8H3Od7mQK4o6j6SzHD4/fm6Ho="
    },
    "wrap-ansi": {
      "version": "6.2.0",
      "resolved": "https://registry.npmjs.org/wrap-ansi/-/wrap-ansi-6.2.0.tgz",
      "integrity": "sha512-r6lPcBGxZXlIcymEu7InxDMhdW0KDxpLgoFLcguasxCaJ/SOIZwINatK9KY/tf+ZrlywOKU0UDj3ATXUBfxJXA==",
      "requires": {
        "ansi-styles": "^4.0.0",
        "string-width": "^4.1.0",
        "strip-ansi": "^6.0.0"
      }
    },
    "xtend": {
      "version": "4.0.2",
      "resolved": "https://registry.npmjs.org/xtend/-/xtend-4.0.2.tgz",
      "integrity": "sha512-LKYU1iAXJXUgAXn9URjiu+MWhyUXHsvfp7mcuYm9dSUKK0/CjtrUwFAxD82/mCWbtLsGjFIad0wIsod4zrTAEQ=="
    },
    "y18n": {
      "version": "4.0.0",
      "resolved": "https://registry.npmjs.org/y18n/-/y18n-4.0.0.tgz",
      "integrity": "sha512-r9S/ZyXu/Xu9q1tYlpsLIsa3EeLXXk0VwlxqTcFRfg9EhMW+17kbt9G0NrgCmhGb5vT2hyhJZLfDGx+7+5Uj/w=="
    },
    "yargs": {
      "version": "15.3.0",
      "resolved": "https://registry.npmjs.org/yargs/-/yargs-15.3.0.tgz",
      "integrity": "sha512-g/QCnmjgOl1YJjGsnUg2SatC7NUYEiLXJqxNOQU9qSpjzGtGXda9b+OKccr1kLTy8BN9yqEyqfq5lxlwdc13TA==",
      "requires": {
        "cliui": "^6.0.0",
        "decamelize": "^1.2.0",
        "find-up": "^4.1.0",
        "get-caller-file": "^2.0.1",
        "require-directory": "^2.1.1",
        "require-main-filename": "^2.0.0",
        "set-blocking": "^2.0.0",
        "string-width": "^4.2.0",
        "which-module": "^2.0.0",
        "y18n": "^4.0.0",
        "yargs-parser": "^18.1.0"
      }
    },
    "yargs-parser": {
      "version": "18.1.0",
      "resolved": "https://registry.npmjs.org/yargs-parser/-/yargs-parser-18.1.0.tgz",
      "integrity": "sha512-o/Jr6JBOv6Yx3pL+5naWSoIA2jJ+ZkMYQG/ie9qFbukBe4uzmBatlXFOiu/tNKRWEtyf+n5w7jc/O16ufqOTdQ==",
      "requires": {
        "camelcase": "^5.0.0",
        "decamelize": "^1.2.0"
      }
    },
    "yn": {
      "version": "3.1.1",
      "resolved": "https://registry.npmjs.org/yn/-/yn-3.1.1.tgz",
      "integrity": "sha512-Ux4ygGWsu2c7isFWe8Yu1YluJmqVhxqK2cLXNQA5AcC3QfbGNpM7fu0Y8b/z16pXLnFxZYvWhd3fhBY9DLmC6Q==",
      "dev": true
    }
  }
}
